
Microsoft Visual Studio Solution File, Format Version 12.00
# Visual Studio Version 16
VisualStudioVersion = 16.0.30907.101
MinimumVisualStudioVersion = 10.0.40219.1
Project("{8BC9CEB8-8B4A-11D0-8D11-00A0C91BC942}") = "Galleryx64", "Galleryx64\Galleryx64.vcxproj", "{E3DC76FA-646D-4ADD-8EAC-1E9C61BF0DDC}"
EndProject
Global
	GlobalSection(SolutionConfigurationPlatforms) = preSolution
		Debug|x64 = Debug|x64
		Debug|x86 = Debug|x86
		Release|x64 = Release|x64
		Release|x86 = Release|x86
	EndGlobalSection
	GlobalSection(ProjectConfigurationPlatforms) = postSolution
		{E3DC76FA-646D-4ADD-8EAC-1E9C61BF0DDC}.Debug|x64.ActiveCfg = Debug|x64
		{E3DC76FA-646D-4ADD-8EAC-1E9C61BF0DDC}.Debug|x64.Build.0 = Debug|x64
		{E3DC76FA-646D-4ADD-8EAC-1E9C61BF0DDC}.Debug|x86.ActiveCfg = Debug|Win32
		{E3DC76FA-646D-4ADD-8EAC-1E9C61BF0DDC}.Debug|x86.Build.0 = Debug|Win32
		{E3DC76FA-646D-4ADD-8EAC-1E9C61BF0DDC}.Release|x64.ActiveCfg = Release|x64
		{E3DC76FA-646D-4ADD-8EAC-1E9C61BF0DDC}.Release|x64.Build.0 = Release|x64
		{E3DC76FA-646D-4ADD-8EAC-1E9C61BF0DDC}.Release|x86.ActiveCfg = Release|Win32
		{E3DC76FA-646D-4ADD-8EAC-1E9C61BF0DDC}.Release|x86.Build.0 = Release|Win32
	EndGlobalSection
	GlobalSection(SolutionProperties) = preSolution
		HideSolutionNode = FALSE
	EndGlobalSection
	GlobalSection(ExtensibilityGlobals) = postSolution
		SolutionGuid = {35808692-678C-424C-AC3E-BBA82134F382}
	EndGlobalSection
EndGlobal
